
Microsoft Visual Studio Solution File, Format Version 12.00
# Visual Studio 15
VisualStudioVersion = 15.0.27130.2026
MinimumVisualStudioVersion = 10.0.40219.1
Project("{8BC9CEB8-8B4A-11D0-8D11-00A0C91BC942}") = "LogTest2", "LogTest2\LogTest2.vcxproj", "{A9A184F2-799A-47A8-9302-812C42AC9EEC}"
EndProject
Global
	GlobalSection(SolutionConfigurationPlatforms) = preSolution
		Debug|x64 = Debug|x64
		Debug|x86 = Debug|x86
		Release|x64 = Release|x64
		Release|x86 = Release|x86
	EndGlobalSection
	GlobalSection(ProjectConfigurationPlatforms) = postSolution
		{A9A184F2-799A-47A8-9302-812C42AC9EEC}.Debug|x64.ActiveCfg = Debug|x64
		{A9A184F2-799A-47A8-9302-812C42AC9EEC}.Debug|x64.Build.0 = Debug|x64
		{A9A184F2-799A-47A8-9302-812C42AC9EEC}.Debug|x86.ActiveCfg = Debug|Win32
		{A9A184F2-799A-47A8-9302-812C42AC9EEC}.Debug|x86.Build.0 = Debug|Win32
		{A9A184F2-799A-47A8-9302-812C42AC9EEC}.Release|x64.ActiveCfg = Release|x64
		{A9A184F2-799A-47A8-9302-812C42AC9EEC}.Release|x64.Build.0 = Release|x64
		{A9A184F2-799A-47A8-9302-812C42AC9EEC}.Release|x86.ActiveCfg = Release|Win32
		{A9A184F2-799A-47A8-9302-812C42AC9EEC}.Release|x86.Build.0 = Release|Win32
	EndGlobalSection
	GlobalSection(SolutionProperties) = preSolution
		HideSolutionNode = FALSE
	EndGlobalSection
	GlobalSection(ExtensibilityGlobals) = postSolution
		SolutionGuid = {315C73A4-BB2C-4D5F-AE75-C564B96C6BEF}
	EndGlobalSection
EndGlobal
